// !$*UTF8*$!
{
	archiveVersion = 1;
	classes = {
	};
	objectVersion = 46;
	objects = {

/* Begin PBXBuildFile section */
		65D6F1131E2BEEDE007CD285 /* AppDelegate.swift in Sources */ = {isa = PBXBuildFile; fileRef = 65D6F1121E2BEEDE007CD285 /* AppDelegate.swift */; };
		65D6F1151E2BEEDE007CD285 /* ViewController.swift in Sources */ = {isa = PBXBuildFile; fileRef = 65D6F1141E2BEEDE007CD285 /* ViewController.swift */; };
		65D6F1181E2BEEDE007CD285 /* Main.storyboard in Resources */ = {isa = PBXBuildFile; fileRef = 65D6F1161E2BEEDE007CD285 /* Main.storyboard */; };
		65D6F11A1E2BEEDE007CD285 /* Assets.xcassets in Resources */ = {isa = PBXBuildFile; fileRef = 65D6F1191E2BEEDE007CD285 /* Assets.xcassets */; };
		65D6F11D1E2BEEDE007CD285 /* LaunchScreen.storyboard in Resources */ = {isa = PBXBuildFile; fileRef = 65D6F11B1E2BEEDE007CD285 /* LaunchScreen.storyboard */; };
		65D6F1281E2BEEDE007CD285 /* sensorTagTests.swift in Sources */ = {isa = PBXBuildFile; fileRef = 65D6F1271E2BEEDE007CD285 /* sensorTagTests.swift */; };
		65D6F1331E2BEEDE007CD285 /* sensorTagUITests.swift in Sources */ = {isa = PBXBuildFile; fileRef = 65D6F1321E2BEEDE007CD285 /* sensorTagUITests.swift */; };
/* End PBXBuildFile section */

/* Begin PBXContainerItemProxy section */
		65D6F1241E2BEEDE007CD285 /* PBXContainerItemProxy */ = {
			isa = PBXContainerItemProxy;
			containerPortal = 65D6F1071E2BEEDD007CD285 /* Project object */;
			proxyType = 1;
			remoteGlobalIDString = 65D6F10E1E2BEEDE007CD285;
			remoteInfo = sensorTag;
		};
		65D6F12F1E2BEEDE007CD285 /* PBXContainerItemProxy */ = {
			isa = PBXContainerItemProxy;
			containerPortal = 65D6F1071E2BEEDD007CD285 /* Project object */;
			proxyType = 1;
			remoteGlobalIDString = 65D6F10E1E2BEEDE007CD285;
			remoteInfo = sensorTag;
		};
/* End PBXContainerItemProxy section */

/* Begin PBXFileReference section */
		65D6F10F1E2BEEDE007CD285 /* sensorTag.app */ = {isa = PBXFileReference; explicitFileType = wrapper.application; includeInIndex = 0; path = sensorTag.app; sourceTree = BUILT_PRODUCTS_DIR; };
		65D6F1121E2BEEDE007CD285 /* AppDelegate.swift */ = {isa = PBXFileReference; lastKnownFileType = sourcecode.swift; path = AppDelegate.swift; sourceTree = "<group>"; };
		65D6F1141E2BEEDE007CD285 /* ViewController.swift */ = {isa = PBXFileReference; lastKnownFileType = sourcecode.swift; path = ViewController.swift; sourceTree = "<group>"; };
		65D6F1171E2BEEDE007CD285 /* Base */ = {isa = PBXFileReference; lastKnownFileType = file.storyboard; name = Base; path = Base.lproj/Main.storyboard; sourceTree = "<group>"; };
		65D6F1191E2BEEDE007CD285 /* Assets.xcassets */ = {isa = PBXFileReference; lastKnownFileType = folder.assetcatalog; path = Assets.xcassets; sourceTree = "<group>"; };
		65D6F11C1E2BEEDE007CD285 /* Base */ = {isa = PBXFileReference; lastKnownFileType = file.storyboard; name = Base; path = Base.lproj/LaunchScreen.storyboard; sourceTree = "<group>"; };
		65D6F11E1E2BEEDE007CD285 /* Info.plist */ = {isa = PBXFileReference; lastKnownFileType = text.plist.xml; path = Info.plist; sourceTree = "<group>"; };
		65D6F1231E2BEEDE007CD285 /* sensorTagTests.xctest */ = {isa = PBXFileReference; explicitFileType = wrapper.cfbundle; includeInIndex = 0; path = sensorTagTests.xctest; sourceTree = BUILT_PRODUCTS_DIR; };
		65D6F1271E2BEEDE007CD285 /* sensorTagTests.swift */ = {isa = PBXFileReference; lastKnownFileType = sourcecode.swift; path = sensorTagTests.swift; sourceTree = "<group>"; };
		65D6F1291E2BEEDE007CD285 /* Info.plist */ = {isa = PBXFileReference; lastKnownFileType = text.plist.xml; path = Info.plist; sourceTree = "<group>"; };
		65D6F12E1E2BEEDE007CD285 /* sensorTagUITests.xctest */ = {isa = PBXFileReference; explicitFileType = wrapper.cfbundle; includeInIndex = 0; path = sensorTagUITests.xctest; sourceTree = BUILT_PRODUCTS_DIR; };
		65D6F1321E2BEEDE007CD285 /* sensorTagUITests.swift */ = {isa = PBXFileReference; lastKnownFileType = sourcecode.swift; path = sensorTagUITests.swift; sourceTree = "<group>"; };
		65D6F1341E2BEEDE007CD285 /* Info.plist */ = {isa = PBXFileReference; lastKnownFileType = text.plist.xml; path = Info.plist; sourceTree = "<group>"; };
/* End PBXFileReference section */

/* Begin PBXFrameworksBuildPhase section */
		65D6F10C1E2BEEDE007CD285 /* Frameworks */ = {
			isa = PBXFrameworksBuildPhase;
			buildActionMask = 2147483647;
			files = (
			);
			runOnlyForDeploymentPostprocessing = 0;
		};
		65D6F1201E2BEEDE007CD285 /* Frameworks */ = {
			isa = PBXFrameworksBuildPhase;
			buildActionMask = 2147483647;
			files = (
			);
			runOnlyForDeploymentPostprocessing = 0;
		};
		65D6F12B1E2BEEDE007CD285 /* Frameworks */ = {
			isa = PBXFrameworksBuildPhase;
			buildActionMask = 2147483647;
			files = (
			);
			runOnlyForDeploymentPostprocessing = 0;
		};
/* End PBXFrameworksBuildPhase section */

/* Begin PBXGroup section */
		65D6F1061E2BEEDD007CD285 = {
			isa = PBXGroup;
			children = (
				65D6F1111E2BEEDE007CD285 /* sensorTag */,
				65D6F1261E2BEEDE007CD285 /* sensorTagTests */,
				65D6F1311E2BEEDE007CD285 /* sensorTagUITests */,
				65D6F1101E2BEEDE007CD285 /* Products */,
			);
			sourceTree = "<group>";
		};
		65D6F1101E2BEEDE007CD285 /* Products */ = {
			isa = PBXGroup;
			children = (
				65D6F10F1E2BEEDE007CD285 /* sensorTag.app */,
				65D6F1231E2BEEDE007CD285 /* sensorTagTests.xctest */,
				65D6F12E1E2BEEDE007CD285 /* sensorTagUITests.xctest */,
			);
			name = Products;
			sourceTree = "<group>";
		};
		65D6F1111E2BEEDE007CD285 /* sensorTag */ = {
			isa = PBXGroup;
			children = (
				65D6F1121E2BEEDE007CD285 /* AppDelegate.swift */,
				65D6F1141E2BEEDE007CD285 /* ViewController.swift */,
				65D6F1161E2BEEDE007CD285 /* Main.storyboard */,
				65D6F1191E2BEEDE007CD285 /* Assets.xcassets */,
				65D6F11B1E2BEEDE007CD285 /* LaunchScreen.storyboard */,
				65D6F11E1E2BEEDE007CD285 /* Info.plist */,
			);
			path = sensorTag;
			sourceTree = "<group>";
		};
		65D6F1261E2BEEDE007CD285 /* sensorTagTests */ = {
			isa = PBXGroup;
			children = (
				65D6F1271E2BEEDE007CD285 /* sensorTagTests.swift */,
				65D6F1291E2BEEDE007CD285 /* Info.plist */,
			);
			path = sensorTagTests;
			sourceTree = "<group>";
		};
		65D6F1311E2BEEDE007CD285 /* sensorTagUITests */ = {
			isa = PBXGroup;
			children = (
				65D6F1321E2BEEDE007CD285 /* sensorTagUITests.swift */,
				65D6F1341E2BEEDE007CD285 /* Info.plist */,
			);
			path = sensorTagUITests;
			sourceTree = "<group>";
		};
/* End PBXGroup section */

/* Begin PBXNativeTarget section */
		65D6F10E1E2BEEDE007CD285 /* sensorTag */ = {
			isa = PBXNativeTarget;
			buildConfigurationList = 65D6F1371E2BEEDE007CD285 /* Build configuration list for PBXNativeTarget "sensorTag" */;
			buildPhases = (
				65D6F10B1E2BEEDE007CD285 /* Sources */,
				65D6F10C1E2BEEDE007CD285 /* Frameworks */,
				65D6F10D1E2BEEDE007CD285 /* Resources */,
			);
			buildRules = (
			);
			dependencies = (
			);
			name = sensorTag;
			productName = sensorTag;
			productReference = 65D6F10F1E2BEEDE007CD285 /* sensorTag.app */;
			productType = "com.apple.product-type.application";
		};
		65D6F1221E2BEEDE007CD285 /* sensorTagTests */ = {
			isa = PBXNativeTarget;
			buildConfigurationList = 65D6F13A1E2BEEDE007CD285 /* Build configuration list for PBXNativeTarget "sensorTagTests" */;
			buildPhases = (
				65D6F11F1E2BEEDE007CD285 /* Sources */,
				65D6F1201E2BEEDE007CD285 /* Frameworks */,
				65D6F1211E2BEEDE007CD285 /* Resources */,
			);
			buildRules = (
			);
			dependencies = (
				65D6F1251E2BEEDE007CD285 /* PBXTargetDependency */,
			);
			name = sensorTagTests;
			productName = sensorTagTests;
			productReference = 65D6F1231E2BEEDE007CD285 /* sensorTagTests.xctest */;
			productType = "com.apple.product-type.bundle.unit-test";
		};
		65D6F12D1E2BEEDE007CD285 /* sensorTagUITests */ = {
			isa = PBXNativeTarget;
			buildConfigurationList = 65D6F13D1E2BEEDE007CD285 /* Build configuration list for PBXNativeTarget "sensorTagUITests" */;
			buildPhases = (
				65D6F12A1E2BEEDE007CD285 /* Sources */,
				65D6F12B1E2BEEDE007CD285 /* Frameworks */,
				65D6F12C1E2BEEDE007CD285 /* Resources */,
			);
			buildRules = (
			);
			dependencies = (
				65D6F1301E2BEEDE007CD285 /* PBXTargetDependency */,
			);
			name = sensorTagUITests;
			productName = sensorTagUITests;
			productReference = 65D6F12E1E2BEEDE007CD285 /* sensorTagUITests.xctest */;
			productType = "com.apple.product-type.bundle.ui-testing";
		};
/* End PBXNativeTarget section */

/* Begin PBXProject section */
		65D6F1071E2BEEDD007CD285 /* Project object */ = {
			isa = PBXProject;
			attributes = {
				LastSwiftUpdateCheck = 0820;
				LastUpgradeCheck = 0820;
				ORGANIZATIONNAME = Andreas;
				TargetAttributes = {
					65D6F10E1E2BEEDE007CD285 = {
						CreatedOnToolsVersion = 8.2.1;
						DevelopmentTeam = 8S8P25SA9A;
						ProvisioningStyle = Automatic;
					};
					65D6F1221E2BEEDE007CD285 = {
						CreatedOnToolsVersion = 8.2.1;
						DevelopmentTeam = 8S8P25SA9A;
						ProvisioningStyle = Automatic;
						TestTargetID = 65D6F10E1E2BEEDE007CD285;
					};
					65D6F12D1E2BEEDE007CD285 = {
						CreatedOnToolsVersion = 8.2.1;
						DevelopmentTeam = 8S8P25SA9A;
						ProvisioningStyle = Automatic;
						TestTargetID = 65D6F10E1E2BEEDE007CD285;
					};
				};
			};
			buildConfigurationList = 65D6F10A1E2BEEDD007CD285 /* Build configuration list for PBXProject "sensorTag" */;
			compatibilityVersion = "Xcode 3.2";
			developmentRegion = English;
			hasScannedForEncodings = 0;
			knownRegions = (
				en,
				Base,
			);
			mainGroup = 65D6F1061E2BEEDD007CD285;
			productRefGroup = 65D6F1101E2BEEDE007CD285 /* Products */;
			projectDirPath = "";
			projectRoot = "";
			targets = (
				65D6F10E1E2BEEDE007CD285 /* sensorTag */,
				65D6F1221E2BEEDE007CD285 /* sensorTagTests */,
				65D6F12D1E2BEEDE007CD285 /* sensorTagUITests */,
			);
		};
/* End PBXProject section */

/* Begin PBXResourcesBuildPhase section */
		65D6F10D1E2BEEDE007CD285 /* Resources */ = {
			isa = PBXResourcesBuildPhase;
			buildActionMask = 2147483647;
			files = (
				65D6F11D1E2BEEDE007CD285 /* LaunchScreen.storyboard in Resources */,
				65D6F11A1E2BEEDE007CD285 /* Assets.xcassets in Resources */,
				65D6F1181E2BEEDE007CD285 /* Main.storyboard in Resources */,
			);
			runOnlyForDeploymentPostprocessing = 0;
		};
		65D6F1211E2BEEDE007CD285 /* Resources */ = {
			isa = PBXResourcesBuildPhase;
			buildActionMask = 2147483647;
			files = (
			);
			runOnlyForDeploymentPostprocessing = 0;
		};
		65D6F12C1E2BEEDE007CD285 /* Resources */ = {
			isa = PBXResourcesBuildPhase;
			buildActionMask = 2147483647;
			files = (
			);
			runOnlyForDeploymentPostprocessing = 0;
		};
/* End PBXResourcesBuildPhase section */

/* Begin PBXSourcesBuildPhase section */
		65D6F10B1E2BEEDE007CD285 /* Sources */ = {
			isa = PBXSourcesBuildPhase;
			buildActionMask = 2147483647;
			files = (
				65D6F1151E2BEEDE007CD285 /* ViewController.swift in Sources */,
				65D6F1131E2BEEDE007CD285 /* AppDelegate.swift in Sources */,
			);
			runOnlyForDeploymentPostprocessing = 0;
		};
		65D6F11F1E2BEEDE007CD285 /* Sources */ = {
			isa = PBXSourcesBuildPhase;
			buildActionMask = 2147483647;
			files = (
				65D6F1281E2BEEDE007CD285 /* sensorTagTests.swift in Sources */,
			);
			runOnlyForDeploymentPostprocessing = 0;
		};
		65D6F12A1E2BEEDE007CD285 /* Sources */ = {
			isa = PBXSourcesBuildPhase;
			buildActionMask = 2147483647;
			files = (
				65D6F1331E2BEEDE007CD285 /* sensorTagUITests.swift in Sources */,
			);
			runOnlyForDeploymentPostprocessing = 0;
		};
/* End PBXSourcesBuildPhase section */

/* Begin PBXTargetDependency section */
		65D6F1251E2BEEDE007CD285 /* PBXTargetDependency */ = {
			isa = PBXTargetDependency;
			target = 65D6F10E1E2BEEDE007CD285 /* sensorTag */;
			targetProxy = 65D6F1241E2BEEDE007CD285 /* PBXContainerItemProxy */;
		};
		65D6F1301E2BEEDE007CD285 /* PBXTargetDependency */ = {
			isa = PBXTargetDependency;
			target = 65D6F10E1E2BEEDE007CD285 /* sensorTag */;
			targetProxy = 65D6F12F1E2BEEDE007CD285 /* PBXContainerItemProxy */;
		};
/* End PBXTargetDependency section */

/* Begin PBXVariantGroup section */
		65D6F1161E2BEEDE007CD285 /* Main.storyboard */ = {
			isa = PBXVariantGroup;
			children = (
				65D6F1171E2BEEDE007CD285 /* Base */,
			);
			name = Main.storyboard;
			sourceTree = "<group>";
		};
		65D6F11B1E2BEEDE007CD285 /* LaunchScreen.storyboard */ = {
			isa = PBXVariantGroup;
			children = (
				65D6F11C1E2BEEDE007CD285 /* Base */,
			);
			name = LaunchScreen.storyboard;
			sourceTree = "<group>";
		};
/* End PBXVariantGroup section */

/* Begin XCBuildConfiguration section */
		65D6F1351E2BEEDE007CD285 /* Debug */ = {
			isa = XCBuildConfiguration;
			buildSettings = {
				ALWAYS_SEARCH_USER_PATHS = NO;
				CLANG_ANALYZER_NONNULL = YES;
				CLANG_CXX_LANGUAGE_STANDARD = "gnu++0x";
				CLANG_CXX_LIBRARY = "libc++";
				CLANG_ENABLE_MODULES = YES;
				CLANG_ENABLE_OBJC_ARC = YES;
				CLANG_WARN_BOOL_CONVERSION = YES;
				CLANG_WARN_CONSTANT_CONVERSION = YES;
				CLANG_WARN_DIRECT_OBJC_ISA_USAGE = YES_ERROR;
				CLANG_WARN_DOCUMENTATION_COMMENTS = YES;
				CLANG_WARN_EMPTY_BODY = YES;
				CLANG_WARN_ENUM_CONVERSION = YES;
				CLANG_WARN_INFINITE_RECURSION = YES;
				CLANG_WARN_INT_CONVERSION = YES;
				CLANG_WARN_OBJC_ROOT_CLASS = YES_ERROR;
				CLANG_WARN_SUSPICIOUS_MOVE = YES;
				CLANG_WARN_UNREACHABLE_CODE = YES;
				CLANG_WARN__DUPLICATE_METHOD_MATCH = YES;
				"CODE_SIGN_IDENTITY[sdk=iphoneos*]" = "iPhone Developer";
				COPY_PHASE_STRIP = NO;
				DEBUG_INFORMATION_FORMAT = dwarf;
				ENABLE_STRICT_OBJC_MSGSEND = YES;
				ENABLE_TESTABILITY = YES;
				GCC_C_LANGUAGE_STANDARD = gnu99;
				GCC_DYNAMIC_NO_PIC = NO;
				GCC_NO_COMMON_BLOCKS = YES;
				GCC_OPTIMIZATION_LEVEL = 0;
				GCC_PREPROCESSOR_DEFINITIONS = (
					"DEBUG=1",
					"$(inherited)",
				);
				GCC_WARN_64_TO_32_BIT_CONVERSION = YES;
				GCC_WARN_ABOUT_RETURN_TYPE = YES_ERROR;
				GCC_WARN_UNDECLARED_SELECTOR = YES;
				GCC_WARN_UNINITIALIZED_AUTOS = YES_AGGRESSIVE;
				GCC_WARN_UNUSED_FUNCTION = YES;
				GCC_WARN_UNUSED_VARIABLE = YES;
				IPHONEOS_DEPLOYMENT_TARGET = 10.2;
				MTL_ENABLE_DEBUG_INFO = YES;
				ONLY_ACTIVE_ARCH = YES;
				SDKROOT = iphoneos;
				SWIFT_ACTIVE_COMPILATION_CONDITIONS = DEBUG;
				SWIFT_OPTIMIZATION_LEVEL = "-Onone";
			};
			name = Debug;
		};
		65D6F1361E2BEEDE007CD285 /* Release */ = {
			isa = XCBuildConfiguration;
			buildSettings = {
				ALWAYS_SEARCH_USER_PATHS = NO;
				CLANG_ANALYZER_NONNULL = YES;
				CLANG_CXX_LANGUAGE_STANDARD = "gnu++0x";
				CLANG_CXX_LIBRARY = "libc++";
				CLANG_ENABLE_MODULES = YES;
				CLANG_ENABLE_OBJC_ARC = YES;
				CLANG_WARN_BOOL_CONVERSION = YES;
				CLANG_WARN_CONSTANT_CONVERSION = YES;
				CLANG_WARN_DIRECT_OBJC_ISA_USAGE = YES_ERROR;
				CLANG_WARN_DOCUMENTATION_COMMENTS = YES;
				CLANG_WARN_EMPTY_BODY = YES;
				CLANG_WARN_ENUM_CONVERSION = YES;
				CLANG_WARN_INFINITE_RECURSION = YES;
				CLANG_WARN_INT_CONVERSION = YES;
				CLANG_WARN_OBJC_ROOT_CLASS = YES_ERROR;
				CLANG_WARN_SUSPICIOUS_MOVE = YES;
				CLANG_WARN_UNREACHABLE_CODE = YES;
				CLANG_WARN__DUPLICATE_METHOD_MATCH = YES;
				"CODE_SIGN_IDENTITY[sdk=iphoneos*]" = "iPhone Developer";
				COPY_PHASE_STRIP = NO;
				DEBUG_INFORMATION_FORMAT = "dwarf-with-dsym";
				ENABLE_NS_ASSERTIONS = NO;
				ENABLE_STRICT_OBJC_MSGSEND = YES;
				GCC_C_LANGUAGE_STANDARD = gnu99;
				GCC_NO_COMMON_BLOCKS = YES;
				GCC_WARN_64_TO_32_BIT_CONVERSION = YES;
				GCC_WARN_ABOUT_RETURN_TYPE = YES_ERROR;
				GCC_WARN_UNDECLARED_SELECTOR = YES;
				GCC_WARN_UNINITIALIZED_AUTOS = YES_AGGRESSIVE;
				GCC_WARN_UNUSED_FUNCTION = YES;
				GCC_WARN_UNUSED_VARIABLE = YES;
				IPHONEOS_DEPLOYMENT_TARGET = 10.2;
				MTL_ENABLE_DEBUG_INFO = NO;
				SDKROOT = iphoneos;
				SWIFT_OPTIMIZATION_LEVEL = "-Owholemodule";
				VALIDATE_PRODUCT = YES;
			};
			name = Release;
		};
		65D6F1381E2BEEDE007CD285 /* Debug */ = {
			isa = XCBuildConfiguration;
			buildSettings = {
				ASSETCATALOG_COMPILER_APPICON_NAME = AppIcon;
				DEVELOPMENT_TEAM = 8S8P25SA9A;
				INFOPLIST_FILE = sensorTag/Info.plist;
				LD_RUNPATH_SEARCH_PATHS = "$(inherited) @executable_path/Frameworks";
				PRODUCT_BUNDLE_IDENTIFIER = nl.jongtiem.sensorTag;
				PRODUCT_NAME = "$(TARGET_NAME)";
				SWIFT_VERSION = 3.0;
			};
			name = Debug;
		};
		65D6F1391E2BEEDE007CD285 /* Release */ = {
			isa = XCBuildConfiguration;
			buildSettings = {
				ASSETCATALOG_COMPILER_APPICON_NAME = AppIcon;
				DEVELOPMENT_TEAM = 8S8P25SA9A;
				INFOPLIST_FILE = sensorTag/Info.plist;
				LD_RUNPATH_SEARCH_PATHS = "$(inherited) @executable_path/Frameworks";
				PRODUCT_BUNDLE_IDENTIFIER = nl.jongtiem.sensorTag;
				PRODUCT_NAME = "$(TARGET_NAME)";
				SWIFT_VERSION = 3.0;
			};
			name = Release;
		};
		65D6F13B1E2BEEDE007CD285 /* Debug */ = {
			isa = XCBuildConfiguration;
			buildSettings = {
				ALWAYS_EMBED_SWIFT_STANDARD_LIBRARIES = YES;
				BUNDLE_LOADER = "$(TEST_HOST)";
				DEVELOPMENT_TEAM = 8S8P25SA9A;
				INFOPLIST_FILE = sensorTagTests/Info.plist;
				LD_RUNPATH_SEARCH_PATHS = "$(inherited) @executable_path/Frameworks @loader_path/Frameworks";
				PRODUCT_BUNDLE_IDENTIFIER = nl.jongtiem.sensorTagTests;
				PRODUCT_NAME = "$(TARGET_NAME)";
				SWIFT_VERSION = 3.0;
				TEST_HOST = "$(BUILT_PRODUCTS_DIR)/sensorTag.app/sensorTag";
			};
			name = Debug;
		};
		65D6F13C1E2BEEDE007CD285 /* Release */ = {
			isa = XCBuildConfiguration;
			buildSettings = {
				ALWAYS_EMBED_SWIFT_STANDARD_LIBRARIES = YES;
				BUNDLE_LOADER = "$(TEST_HOST)";
				DEVELOPMENT_TEAM = 8S8P25SA9A;
				INFOPLIST_FILE = sensorTagTests/Info.plist;
				LD_RUNPATH_SEARCH_PATHS = "$(inherited) @executable_path/Frameworks @loader_path/Frameworks";
				PRODUCT_BUNDLE_IDENTIFIER = nl.jongtiem.sensorTagTests;
				PRODUCT_NAME = "$(TARGET_NAME)";
				SWIFT_VERSION = 3.0;
				TEST_HOST = "$(BUILT_PRODUCTS_DIR)/sensorTag.app/sensorTag";
			};
			name = Release;
		};
		65D6F13E1E2BEEDE007CD285 /* Debug */ = {
			isa = XCBuildConfiguration;
			buildSettings = {
				ALWAYS_EMBED_SWIFT_STANDARD_LIBRARIES = YES;
				DEVELOPMENT_TEAM = 8S8P25SA9A;
				INFOPLIST_FILE = sensorTagUITests/Info.plist;
				LD_RUNPATH_SEARCH_PATHS = "$(inherited) @executable_path/Frameworks @loader_path/Frameworks";
				PRODUCT_BUNDLE_IDENTIFIER = nl.jongtiem.sensorTagUITests;
				PRODUCT_NAME = "$(TARGET_NAME)";
				SWIFT_VERSION = 3.0;
				TEST_TARGET_NAME = sensorTag;
			};
			name = Debug;
		};
		65D6F13F1E2BEEDE007CD285 /* Release */ = {
			isa = XCBuildConfiguration;
			buildSettings = {
				ALWAYS_EMBED_SWIFT_STANDARD_LIBRARIES = YES;
				DEVELOPMENT_TEAM = 8S8P25SA9A;
				INFOPLIST_FILE = sensorTagUITests/Info.plist;
				LD_RUNPATH_SEARCH_PATHS = "$(inherited) @executable_path/Frameworks @loader_path/Frameworks";
				PRODUCT_BUNDLE_IDENTIFIER = nl.jongtiem.sensorTagUITests;
				PRODUCT_NAME = "$(TARGET_NAME)";
				SWIFT_VERSION = 3.0;
				TEST_TARGET_NAME = sensorTag;
			};
			name = Release;
		};
/* End XCBuildConfiguration section */

/* Begin XCConfigurationList section */
		65D6F10A1E2BEEDD007CD285 /* Build configuration list for PBXProject "sensorTag" */ = {
			isa = XCConfigurationList;
			buildConfigurations = (
				65D6F1351E2BEEDE007CD285 /* Debug */,
				65D6F1361E2BEEDE007CD285 /* Release */,
			);
			defaultConfigurationIsVisible = 0;
			defaultConfigurationName = Release;
		};
		65D6F1371E2BEEDE007CD285 /* Build configuration list for PBXNativeTarget "sensorTag" */ = {
			isa = XCConfigurationList;
			buildConfigurations = (
				65D6F1381E2BEEDE007CD285 /* Debug */,
				65D6F1391E2BEEDE007CD285 /* Release */,
			);
			defaultConfigurationIsVisible = 0;
		};
		65D6F13A1E2BEEDE007CD285 /* Build configuration list for PBXNativeTarget "sensorTagTests" */ = {
			isa = XCConfigurationList;
			buildConfigurations = (
				65D6F13B1E2BEEDE007CD285 /* Debug */,
				65D6F13C1E2BEEDE007CD285 /* Release */,
			);
			defaultConfigurationIsVisible = 0;
		};
		65D6F13D1E2BEEDE007CD285 /* Build configuration list for PBXNativeTarget "sensorTagUITests" */ = {
			isa = XCConfigurationList;
			buildConfigurations = (
				65D6F13E1E2BEEDE007CD285 /* Debug */,
				65D6F13F1E2BEEDE007CD285 /* Release */,
			);
			defaultConfigurationIsVisible = 0;
		};
/* End XCConfigurationList section */
	};
	rootObject = 65D6F1071E2BEEDD007CD285 /* Project object */;
}
